
Microsoft Visual Studio Solution File, Format Version 12.00
# Visual Studio Version 16
VisualStudioVersion = 25.0.1703.8
MinimumVisualStudioVersion = 10.0.40219.1
Project("{FAE04EC0-301F-11D3-BF4B-00C04F79EFBC}") = "nummerplade-api", "nummerplade-api\nummerplade-api.csproj", "{1C9C9B46-9340-471F-9729-19C6044FA6AA}"
EndProject
Project("{FAE04EC0-301F-11D3-BF4B-00C04F79EFBC}") = "nummerplade-ui", "nummerplade-ui\nummerplade-ui.csproj", "{F98F4E10-3B64-4F50-9D6E-58065BDCF392}"
EndProject
Project("{E53339B2-1760-4266-BCC7-CA923CBCF16C}") = "docker-compose", "docker-compose.dcproj", "{0856842B-AEBF-4485-BE30-724046E84E1A}"
EndProject
Project("{2150E333-8FDC-42A3-9474-1A3956D46DE8}") = "Solution Items", "Solution Items", "{48DA0F19-3A59-42BC-9B3D-1D847C4D9BA1}"
EndProject
Global
	GlobalSection(SolutionConfigurationPlatforms) = preSolution
		Debug|Any CPU = Debug|Any CPU
		Release|Any CPU = Release|Any CPU
	EndGlobalSection
	GlobalSection(ProjectConfigurationPlatforms) = postSolution
		{1C9C9B46-9340-471F-9729-19C6044FA6AA}.Debug|Any CPU.ActiveCfg = Debug|Any CPU
		{1C9C9B46-9340-471F-9729-19C6044FA6AA}.Debug|Any CPU.Build.0 = Debug|Any CPU
		{1C9C9B46-9340-471F-9729-19C6044FA6AA}.Release|Any CPU.ActiveCfg = Release|Any CPU
		{1C9C9B46-9340-471F-9729-19C6044FA6AA}.Release|Any CPU.Build.0 = Release|Any CPU
		{F98F4E10-3B64-4F50-9D6E-58065BDCF392}.Debug|Any CPU.ActiveCfg = Debug|Any CPU
		{F98F4E10-3B64-4F50-9D6E-58065BDCF392}.Debug|Any CPU.Build.0 = Debug|Any CPU
		{F98F4E10-3B64-4F50-9D6E-58065BDCF392}.Release|Any CPU.ActiveCfg = Release|Any CPU
		{F98F4E10-3B64-4F50-9D6E-58065BDCF392}.Release|Any CPU.Build.0 = Release|Any CPU
		{0856842B-AEBF-4485-BE30-724046E84E1A}.Debug|Any CPU.ActiveCfg = Debug|Any CPU
		{0856842B-AEBF-4485-BE30-724046E84E1A}.Debug|Any CPU.Build.0 = Debug|Any CPU
		{0856842B-AEBF-4485-BE30-724046E84E1A}.Release|Any CPU.ActiveCfg = Release|Any CPU
		{0856842B-AEBF-4485-BE30-724046E84E1A}.Release|Any CPU.Build.0 = Release|Any CPU
	EndGlobalSection
	GlobalSection(SolutionProperties) = preSolution
		HideSolutionNode = FALSE
	EndGlobalSection
	GlobalSection(ExtensibilityGlobals) = postSolution
		SolutionGuid = {CA4E9F61-0A5F-4172-B5BC-13035A1F0AB6}
	EndGlobalSection
EndGlobal
